
Microsoft Visual Studio Solution File, Format Version 12.00
# Visual Studio Version 17
VisualStudioVersion = 17.7.34202.233
MinimumVisualStudioVersion = 10.0.40219.1
Project("{FAE04EC0-301F-11D3-BF4B-00C04F79EFBC}") = "WoWDashboard", "WoWDashboard\WoWDashboard.csproj", "{0E66C9B9-8CE4-4899-B745-2E8F98972D56}"
EndProject
Global
	GlobalSection(SolutionConfigurationPlatforms) = preSolution
		Debug|Any CPU = Debug|Any CPU
		Release|Any CPU = Release|Any CPU
	EndGlobalSection
	GlobalSection(ProjectConfigurationPlatforms) = postSolution
		{0E66C9B9-8CE4-4899-B745-2E8F98972D56}.Debug|Any CPU.ActiveCfg = Debug|Any CPU
		{0E66C9B9-8CE4-4899-B745-2E8F98972D56}.Debug|Any CPU.Build.0 = Debug|Any CPU
		{0E66C9B9-8CE4-4899-B745-2E8F98972D56}.Release|Any CPU.ActiveCfg = Release|Any CPU
		{0E66C9B9-8CE4-4899-B745-2E8F98972D56}.Release|Any CPU.Build.0 = Release|Any CPU
	EndGlobalSection
	GlobalSection(SolutionProperties) = preSolution
		HideSolutionNode = FALSE
	EndGlobalSection
	GlobalSection(ExtensibilityGlobals) = postSolution
		SolutionGuid = {F659E2C0-CE30-44C4-9159-F6A524EF9602}
	EndGlobalSection
EndGlobal
